// !$*UTF8*$!
{
	archiveVersion = 1;
	classes = {
	};
	objectVersion = 56;
	objects = {

/* Begin PBXBuildFile section */
		1841E3D02A162BAB00B20685 /* AppDelegate.swift in Sources */ = {isa = PBXBuildFile; fileRef = 1841E3CF2A162BAB00B20685 /* AppDelegate.swift */; };
		1841E3D22A162BAB00B20685 /* SceneDelegate.swift in Sources */ = {isa = PBXBuildFile; fileRef = 1841E3D12A162BAB00B20685 /* SceneDelegate.swift */; };
		1841E3D42A162BAB00B20685 /* ViewController.swift in Sources */ = {isa = PBXBuildFile; fileRef = 1841E3D32A162BAB00B20685 /* ViewController.swift */; };
		1841E3D72A162BAB00B20685 /* Main.storyboard in Resources */ = {isa = PBXBuildFile; fileRef = 1841E3D52A162BAB00B20685 /* Main.storyboard */; };
		1841E3D92A162BAB00B20685 /* Assets.xcassets in Resources */ = {isa = PBXBuildFile; fileRef = 1841E3D82A162BAB00B20685 /* Assets.xcassets */; };
		1841E3DC2A162BAB00B20685 /* LaunchScreen.storyboard in Resources */ = {isa = PBXBuildFile; fileRef = 1841E3DA2A162BAB00B20685 /* LaunchScreen.storyboard */; };
		1841E3E72A162BAB00B20685 /* ExTestTests.swift in Sources */ = {isa = PBXBuildFile; fileRef = 1841E3E62A162BAB00B20685 /* ExTestTests.swift */; };
		1841E3F12A162BAB00B20685 /* ExTestUITests.swift in Sources */ = {isa = PBXBuildFile; fileRef = 1841E3F02A162BAB00B20685 /* ExTestUITests.swift */; };
		1841E3F32A162BAB00B20685 /* ExTestUITestsLaunchTests.swift in Sources */ = {isa = PBXBuildFile; fileRef = 1841E3F22A162BAB00B20685 /* ExTestUITestsLaunchTests.swift */; };
		1841E4032A162C3900B20685 /* ExSample.xcframework in Frameworks */ = {isa = PBXBuildFile; fileRef = 1841E4012A162C1500B20685 /* ExSample.xcframework */; };
		1841E4042A162C3900B20685 /* ExSample.xcframework in Embed Frameworks */ = {isa = PBXBuildFile; fileRef = 1841E4012A162C1500B20685 /* ExSample.xcframework */; settings = {ATTRIBUTES = (CodeSignOnCopy, RemoveHeadersOnCopy, ); }; };
/* End PBXBuildFile section */

/* Begin PBXContainerItemProxy section */
		1841E3E32A162BAB00B20685 /* PBXContainerItemProxy */ = {
			isa = PBXContainerItemProxy;
			containerPortal = 1841E3C42A162BAB00B20685 /* Project object */;
			proxyType = 1;
			remoteGlobalIDString = 1841E3CB2A162BAB00B20685;
			remoteInfo = ExTest;
		};
		1841E3ED2A162BAB00B20685 /* PBXContainerItemProxy */ = {
			isa = PBXContainerItemProxy;
			containerPortal = 1841E3C42A162BAB00B20685 /* Project object */;
			proxyType = 1;
			remoteGlobalIDString = 1841E3CB2A162BAB00B20685;
			remoteInfo = ExTest;
		};
/* End PBXContainerItemProxy section */

/* Begin PBXCopyFilesBuildPhase section */
		1841E4052A162C3900B20685 /* Embed Frameworks */ = {
			isa = PBXCopyFilesBuildPhase;
			buildActionMask = 2147483647;
			dstPath = "";
			dstSubfolderSpec = 10;
			files = (
				1841E4042A162C3900B20685 /* ExSample.xcframework in Embed Frameworks */,
			);
			name = "Embed Frameworks";
			runOnlyForDeploymentPostprocessing = 0;
		};
/* End PBXCopyFilesBuildPhase section */

/* Begin PBXFileReference section */
		1841E3CC2A162BAB00B20685 /* ExTest.app */ = {isa = PBXFileReference; explicitFileType = wrapper.application; includeInIndex = 0; path = ExTest.app; sourceTree = BUILT_PRODUCTS_DIR; };
		1841E3CF2A162BAB00B20685 /* AppDelegate.swift */ = {isa = PBXFileReference; lastKnownFileType = sourcecode.swift; path = AppDelegate.swift; sourceTree = "<group>"; };
		1841E3D12A162BAB00B20685 /* SceneDelegate.swift */ = {isa = PBXFileReference; lastKnownFileType = sourcecode.swift; path = SceneDelegate.swift; sourceTree = "<group>"; };
		1841E3D32A162BAB00B20685 /* ViewController.swift */ = {isa = PBXFileReference; lastKnownFileType = sourcecode.swift; path = ViewController.swift; sourceTree = "<group>"; };
		1841E3D62A162BAB00B20685 /* Base */ = {isa = PBXFileReference; lastKnownFileType = file.storyboard; name = Base; path = Base.lproj/Main.storyboard; sourceTree = "<group>"; };
		1841E3D82A162BAB00B20685 /* Assets.xcassets */ = {isa = PBXFileReference; lastKnownFileType = folder.assetcatalog; path = Assets.xcassets; sourceTree = "<group>"; };
		1841E3DB2A162BAB00B20685 /* Base */ = {isa = PBXFileReference; lastKnownFileType = file.storyboard; name = Base; path = Base.lproj/LaunchScreen.storyboard; sourceTree = "<group>"; };
		1841E3DD2A162BAB00B20685 /* Info.plist */ = {isa = PBXFileReference; lastKnownFileType = text.plist.xml; path = Info.plist; sourceTree = "<group>"; };
		1841E3E22A162BAB00B20685 /* ExTestTests.xctest */ = {isa = PBXFileReference; explicitFileType = wrapper.cfbundle; includeInIndex = 0; path = ExTestTests.xctest; sourceTree = BUILT_PRODUCTS_DIR; };
		1841E3E62A162BAB00B20685 /* ExTestTests.swift */ = {isa = PBXFileReference; lastKnownFileType = sourcecode.swift; path = ExTestTests.swift; sourceTree = "<group>"; };
		1841E3EC2A162BAB00B20685 /* ExTestUITests.xctest */ = {isa = PBXFileReference; explicitFileType = wrapper.cfbundle; includeInIndex = 0; path = ExTestUITests.xctest; sourceTree = BUILT_PRODUCTS_DIR; };
		1841E3F02A162BAB00B20685 /* ExTestUITests.swift */ = {isa = PBXFileReference; lastKnownFileType = sourcecode.swift; path = ExTestUITests.swift; sourceTree = "<group>"; };
		1841E3F22A162BAB00B20685 /* ExTestUITestsLaunchTests.swift */ = {isa = PBXFileReference; lastKnownFileType = sourcecode.swift; path = ExTestUITestsLaunchTests.swift; sourceTree = "<group>"; };
		1841E4012A162C1500B20685 /* ExSample.xcframework */ = {isa = PBXFileReference; lastKnownFileType = wrapper.xcframework; path = ExSample.xcframework; sourceTree = "<group>"; };
/* End PBXFileReference section */

/* Begin PBXFrameworksBuildPhase section */
		1841E3C92A162BAB00B20685 /* Frameworks */ = {
			isa = PBXFrameworksBuildPhase;
			buildActionMask = 2147483647;
			files = (
				1841E4032A162C3900B20685 /* ExSample.xcframework in Frameworks */,
			);
			runOnlyForDeploymentPostprocessing = 0;
		};
		1841E3DF2A162BAB00B20685 /* Frameworks */ = {
			isa = PBXFrameworksBuildPhase;
			buildActionMask = 2147483647;
			files = (
			);
			runOnlyForDeploymentPostprocessing = 0;
		};
		1841E3E92A162BAB00B20685 /* Frameworks */ = {
			isa = PBXFrameworksBuildPhase;
			buildActionMask = 2147483647;
			files = (
			);
			runOnlyForDeploymentPostprocessing = 0;
		};
/* End PBXFrameworksBuildPhase section */

/* Begin PBXGroup section */
		1841E3C32A162BAB00B20685 = {
			isa = PBXGroup;
			children = (
				1841E3CE2A162BAB00B20685 /* ExTest */,
				1841E3E52A162BAB00B20685 /* ExTestTests */,
				1841E3EF2A162BAB00B20685 /* ExTestUITests */,
				1841E3CD2A162BAB00B20685 /* Products */,
			);
			sourceTree = "<group>";
		};
		1841E3CD2A162BAB00B20685 /* Products */ = {
			isa = PBXGroup;
			children = (
				1841E3CC2A162BAB00B20685 /* ExTest.app */,
				1841E3E22A162BAB00B20685 /* ExTestTests.xctest */,
				1841E3EC2A162BAB00B20685 /* ExTestUITests.xctest */,
			);
			name = Products;
			sourceTree = "<group>";
		};
		1841E3CE2A162BAB00B20685 /* ExTest */ = {
			isa = PBXGroup;
			children = (
				1841E4002A162C1500B20685 /* Frameworks */,
				1841E3CF2A162BAB00B20685 /* AppDelegate.swift */,
				1841E3D12A162BAB00B20685 /* SceneDelegate.swift */,
				1841E3D32A162BAB00B20685 /* ViewController.swift */,
				1841E3D52A162BAB00B20685 /* Main.storyboard */,
				1841E3D82A162BAB00B20685 /* Assets.xcassets */,
				1841E3DA2A162BAB00B20685 /* LaunchScreen.storyboard */,
				1841E3DD2A162BAB00B20685 /* Info.plist */,
			);
			path = ExTest;
			sourceTree = "<group>";
		};
		1841E3E52A162BAB00B20685 /* ExTestTests */ = {
			isa = PBXGroup;
			children = (
				1841E3E62A162BAB00B20685 /* ExTestTests.swift */,
			);
			path = ExTestTests;
			sourceTree = "<group>";
		};
		1841E3EF2A162BAB00B20685 /* ExTestUITests */ = {
			isa = PBXGroup;
			children = (
				1841E3F02A162BAB00B20685 /* ExTestUITests.swift */,
				1841E3F22A162BAB00B20685 /* ExTestUITestsLaunchTests.swift */,
			);
			path = ExTestUITests;
			sourceTree = "<group>";
		};
		1841E4002A162C1500B20685 /* Frameworks */ = {
			isa = PBXGroup;
			children = (
				1841E4012A162C1500B20685 /* ExSample.xcframework */,
			);
			path = Frameworks;
			sourceTree = "<group>";
		};
/* End PBXGroup section */

/* Begin PBXNativeTarget section */
		1841E3CB2A162BAB00B20685 /* ExTest */ = {
			isa = PBXNativeTarget;
			buildConfigurationList = 1841E3F62A162BAB00B20685 /* Build configuration list for PBXNativeTarget "ExTest" */;
			buildPhases = (
				1841E3C82A162BAB00B20685 /* Sources */,
				1841E3C92A162BAB00B20685 /* Frameworks */,
				1841E3CA2A162BAB00B20685 /* Resources */,
				1841E4052A162C3900B20685 /* Embed Frameworks */,
			);
			buildRules = (
			);
			dependencies = (
			);
			name = ExTest;
			productName = ExTest;
			productReference = 1841E3CC2A162BAB00B20685 /* ExTest.app */;
			productType = "com.apple.product-type.application";
		};
		1841E3E12A162BAB00B20685 /* ExTestTests */ = {
			isa = PBXNativeTarget;
			buildConfigurationList = 1841E3F92A162BAB00B20685 /* Build configuration list for PBXNativeTarget "ExTestTests" */;
			buildPhases = (
				1841E3DE2A162BAB00B20685 /* Sources */,
				1841E3DF2A162BAB00B20685 /* Frameworks */,
				1841E3E02A162BAB00B20685 /* Resources */,
			);
			buildRules = (
			);
			dependencies = (
				1841E3E42A162BAB00B20685 /* PBXTargetDependency */,
			);
			name = ExTestTests;
			productName = ExTestTests;
			productReference = 1841E3E22A162BAB00B20685 /* ExTestTests.xctest */;
			productType = "com.apple.product-type.bundle.unit-test";
		};
		1841E3EB2A162BAB00B20685 /* ExTestUITests */ = {
			isa = PBXNativeTarget;
			buildConfigurationList = 1841E3FC2A162BAB00B20685 /* Build configuration list for PBXNativeTarget "ExTestUITests" */;
			buildPhases = (
				1841E3E82A162BAB00B20685 /* Sources */,
				1841E3E92A162BAB00B20685 /* Frameworks */,
				1841E3EA2A162BAB00B20685 /* Resources */,
			);
			buildRules = (
			);
			dependencies = (
				1841E3EE2A162BAB00B20685 /* PBXTargetDependency */,
			);
			name = ExTestUITests;
			productName = ExTestUITests;
			productReference = 1841E3EC2A162BAB00B20685 /* ExTestUITests.xctest */;
			productType = "com.apple.product-type.bundle.ui-testing";
		};
/* End PBXNativeTarget section */

/* Begin PBXProject section */
		1841E3C42A162BAB00B20685 /* Project object */ = {
			isa = PBXProject;
			attributes = {
				BuildIndependentTargetsInParallel = 1;
				LastSwiftUpdateCheck = 1420;
				LastUpgradeCheck = 1420;
				TargetAttributes = {
					1841E3CB2A162BAB00B20685 = {
						CreatedOnToolsVersion = 14.2;
					};
					1841E3E12A162BAB00B20685 = {
						CreatedOnToolsVersion = 14.2;
						TestTargetID = 1841E3CB2A162BAB00B20685;
					};
					1841E3EB2A162BAB00B20685 = {
						CreatedOnToolsVersion = 14.2;
						TestTargetID = 1841E3CB2A162BAB00B20685;
					};
				};
			};
			buildConfigurationList = 1841E3C72A162BAB00B20685 /* Build configuration list for PBXProject "ExTest" */;
			compatibilityVersion = "Xcode 14.0";
			developmentRegion = en;
			hasScannedForEncodings = 0;
			knownRegions = (
				en,
				Base,
			);
			mainGroup = 1841E3C32A162BAB00B20685;
			productRefGroup = 1841E3CD2A162BAB00B20685 /* Products */;
			projectDirPath = "";
			projectRoot = "";
			targets = (
				1841E3CB2A162BAB00B20685 /* ExTest */,
				1841E3E12A162BAB00B20685 /* ExTestTests */,
				1841E3EB2A162BAB00B20685 /* ExTestUITests */,
			);
		};
/* End PBXProject section */

/* Begin PBXResourcesBuildPhase section */
		1841E3CA2A162BAB00B20685 /* Resources */ = {
			isa = PBXResourcesBuildPhase;
			buildActionMask = 2147483647;
			files = (
				1841E3DC2A162BAB00B20685 /* LaunchScreen.storyboard in Resources */,
				1841E3D92A162BAB00B20685 /* Assets.xcassets in Resources */,
				1841E3D72A162BAB00B20685 /* Main.storyboard in Resources */,
			);
			runOnlyForDeploymentPostprocessing = 0;
		};
		1841E3E02A162BAB00B20685 /* Resources */ = {
			isa = PBXResourcesBuildPhase;
			buildActionMask = 2147483647;
			files = (
			);
			runOnlyForDeploymentPostprocessing = 0;
		};
		1841E3EA2A162BAB00B20685 /* Resources */ = {
			isa = PBXResourcesBuildPhase;
			buildActionMask = 2147483647;
			files = (
			);
			runOnlyForDeploymentPostprocessing = 0;
		};
/* End PBXResourcesBuildPhase section */

/* Begin PBXSourcesBuildPhase section */
		1841E3C82A162BAB00B20685 /* Sources */ = {
			isa = PBXSourcesBuildPhase;
			buildActionMask = 2147483647;
			files = (
				1841E3D42A162BAB00B20685 /* ViewController.swift in Sources */,
				1841E3D02A162BAB00B20685 /* AppDelegate.swift in Sources */,
				1841E3D22A162BAB00B20685 /* SceneDelegate.swift in Sources */,
			);
			runOnlyForDeploymentPostprocessing = 0;
		};
		1841E3DE2A162BAB00B20685 /* Sources */ = {
			isa = PBXSourcesBuildPhase;
			buildActionMask = 2147483647;
			files = (
				1841E3E72A162BAB00B20685 /* ExTestTests.swift in Sources */,
			);
			runOnlyForDeploymentPostprocessing = 0;
		};
		1841E3E82A162BAB00B20685 /* Sources */ = {
			isa = PBXSourcesBuildPhase;
			buildActionMask = 2147483647;
			files = (
				1841E3F12A162BAB00B20685 /* ExTestUITests.swift in Sources */,
				1841E3F32A162BAB00B20685 /* ExTestUITestsLaunchTests.swift in Sources */,
			);
			runOnlyForDeploymentPostprocessing = 0;
		};
/* End PBXSourcesBuildPhase section */

/* Begin PBXTargetDependency section */
		1841E3E42A162BAB00B20685 /* PBXTargetDependency */ = {
			isa = PBXTargetDependency;
			target = 1841E3CB2A162BAB00B20685 /* ExTest */;
			targetProxy = 1841E3E32A162BAB00B20685 /* PBXContainerItemProxy */;
		};
		1841E3EE2A162BAB00B20685 /* PBXTargetDependency */ = {
			isa = PBXTargetDependency;
			target = 1841E3CB2A162BAB00B20685 /* ExTest */;
			targetProxy = 1841E3ED2A162BAB00B20685 /* PBXContainerItemProxy */;
		};
/* End PBXTargetDependency section */

/* Begin PBXVariantGroup section */
		1841E3D52A162BAB00B20685 /* Main.storyboard */ = {
			isa = PBXVariantGroup;
			children = (
				1841E3D62A162BAB00B20685 /* Base */,
			);
			name = Main.storyboard;
			sourceTree = "<group>";
		};
		1841E3DA2A162BAB00B20685 /* LaunchScreen.storyboard */ = {
			isa = PBXVariantGroup;
			children = (
				1841E3DB2A162BAB00B20685 /* Base */,
			);
			name = LaunchScreen.storyboard;
			sourceTree = "<group>";
		};
/* End PBXVariantGroup section */

/* Begin XCBuildConfiguration section */
		1841E3F42A162BAB00B20685 /* Debug */ = {
			isa = XCBuildConfiguration;
			buildSettings = {
				ALWAYS_SEARCH_USER_PATHS = NO;
				CLANG_ANALYZER_NONNULL = YES;
				CLANG_ANALYZER_NUMBER_OBJECT_CONVERSION = YES_AGGRESSIVE;
				CLANG_CXX_LANGUAGE_STANDARD = "gnu++20";
				CLANG_ENABLE_MODULES = YES;
				CLANG_ENABLE_OBJC_ARC = YES;
				CLANG_ENABLE_OBJC_WEAK = YES;
				CLANG_WARN_BLOCK_CAPTURE_AUTORELEASING = YES;
				CLANG_WARN_BOOL_CONVERSION = YES;
				CLANG_WARN_COMMA = YES;
				CLANG_WARN_CONSTANT_CONVERSION = YES;
				CLANG_WARN_DEPRECATED_OBJC_IMPLEMENTATIONS = YES;
				CLANG_WARN_DIRECT_OBJC_ISA_USAGE = YES_ERROR;
				CLANG_WARN_DOCUMENTATION_COMMENTS = YES;
				CLANG_WARN_EMPTY_BODY = YES;
				CLANG_WARN_ENUM_CONVERSION = YES;
				CLANG_WARN_INFINITE_RECURSION = YES;
				CLANG_WARN_INT_CONVERSION = YES;
				CLANG_WARN_NON_LITERAL_NULL_CONVERSION = YES;
				CLANG_WARN_OBJC_IMPLICIT_RETAIN_SELF = YES;
				CLANG_WARN_OBJC_LITERAL_CONVERSION = YES;
				CLANG_WARN_OBJC_ROOT_CLASS = YES_ERROR;
				CLANG_WARN_QUOTED_INCLUDE_IN_FRAMEWORK_HEADER = YES;
				CLANG_WARN_RANGE_LOOP_ANALYSIS = YES;
				CLANG_WARN_STRICT_PROTOTYPES = YES;
				CLANG_WARN_SUSPICIOUS_MOVE = YES;
				CLANG_WARN_UNGUARDED_AVAILABILITY = YES_AGGRESSIVE;
				CLANG_WARN_UNREACHABLE_CODE = YES;
				CLANG_WARN__DUPLICATE_METHOD_MATCH = YES;
				COPY_PHASE_STRIP = NO;
				DEBUG_INFORMATION_FORMAT = dwarf;
				ENABLE_STRICT_OBJC_MSGSEND = YES;
				ENABLE_TESTABILITY = YES;
				GCC_C_LANGUAGE_STANDARD = gnu11;
				GCC_DYNAMIC_NO_PIC = NO;
				GCC_NO_COMMON_BLOCKS = YES;
				GCC_OPTIMIZATION_LEVEL = 0;
				GCC_PREPROCESSOR_DEFINITIONS = (
					"DEBUG=1",
					"$(inherited)",
				);
				GCC_WARN_64_TO_32_BIT_CONVERSION = YES;
				GCC_WARN_ABOUT_RETURN_TYPE = YES_ERROR;
				GCC_WARN_UNDECLARED_SELECTOR = YES;
				GCC_WARN_UNINITIALIZED_AUTOS = YES_AGGRESSIVE;
				GCC_WARN_UNUSED_FUNCTION = YES;
				GCC_WARN_UNUSED_VARIABLE = YES;
				IPHONEOS_DEPLOYMENT_TARGET = 16.2;
				MTL_ENABLE_DEBUG_INFO = INCLUDE_SOURCE;
				MTL_FAST_MATH = YES;
				ONLY_ACTIVE_ARCH = YES;
				SDKROOT = iphoneos;
				SWIFT_ACTIVE_COMPILATION_CONDITIONS = DEBUG;
				SWIFT_OPTIMIZATION_LEVEL = "-Onone";
			};
			name = Debug;
		};
		1841E3F52A162BAB00B20685 /* Release */ = {
			isa = XCBuildConfiguration;
			buildSettings = {
				ALWAYS_SEARCH_USER_PATHS = NO;
				CLANG_ANALYZER_NONNULL = YES;
				CLANG_ANALYZER_NUMBER_OBJECT_CONVERSION = YES_AGGRESSIVE;
				CLANG_CXX_LANGUAGE_STANDARD = "gnu++20";
				CLANG_ENABLE_MODULES = YES;
				CLANG_ENABLE_OBJC_ARC = YES;
				CLANG_ENABLE_OBJC_WEAK = YES;
				CLANG_WARN_BLOCK_CAPTURE_AUTORELEASING = YES;
				CLANG_WARN_BOOL_CONVERSION = YES;
				CLANG_WARN_COMMA = YES;
				CLANG_WARN_CONSTANT_CONVERSION = YES;
				CLANG_WARN_DEPRECATED_OBJC_IMPLEMENTATIONS = YES;
				CLANG_WARN_DIRECT_OBJC_ISA_USAGE = YES_ERROR;
				CLANG_WARN_DOCUMENTATION_COMMENTS = YES;
				CLANG_WARN_EMPTY_BODY = YES;
				CLANG_WARN_ENUM_CONVERSION = YES;
				CLANG_WARN_INFINITE_RECURSION = YES;
				CLANG_WARN_INT_CONVERSION = YES;
				CLANG_WARN_NON_LITERAL_NULL_CONVERSION = YES;
				CLANG_WARN_OBJC_IMPLICIT_RETAIN_SELF = YES;
				CLANG_WARN_OBJC_LITERAL_CONVERSION = YES;
				CLANG_WARN_OBJC_ROOT_CLASS = YES_ERROR;
				CLANG_WARN_QUOTED_INCLUDE_IN_FRAMEWORK_HEADER = YES;
				CLANG_WARN_RANGE_LOOP_ANALYSIS = YES;
				CLANG_WARN_STRICT_PROTOTYPES = YES;
				CLANG_WARN_SUSPICIOUS_MOVE = YES;
				CLANG_WARN_UNGUARDED_AVAILABILITY = YES_AGGRESSIVE;
				CLANG_WARN_UNREACHABLE_CODE = YES;
				CLANG_WARN__DUPLICATE_METHOD_MATCH = YES;
				COPY_PHASE_STRIP = NO;
				DEBUG_INFORMATION_FORMAT = "dwarf-with-dsym";
				ENABLE_NS_ASSERTIONS = NO;
				ENABLE_STRICT_OBJC_MSGSEND = YES;
				GCC_C_LANGUAGE_STANDARD = gnu11;
				GCC_NO_COMMON_BLOCKS = YES;
				GCC_WARN_64_TO_32_BIT_CONVERSION = YES;
				GCC_WARN_ABOUT_RETURN_TYPE = YES_ERROR;
				GCC_WARN_UNDECLARED_SELECTOR = YES;
				GCC_WARN_UNINITIALIZED_AUTOS = YES_AGGRESSIVE;
				GCC_WARN_UNUSED_FUNCTION = YES;
				GCC_WARN_UNUSED_VARIABLE = YES;
				IPHONEOS_DEPLOYMENT_TARGET = 16.2;
				MTL_ENABLE_DEBUG_INFO = NO;
				MTL_FAST_MATH = YES;
				SDKROOT = iphoneos;
				SWIFT_COMPILATION_MODE = wholemodule;
				SWIFT_OPTIMIZATION_LEVEL = "-O";
				VALIDATE_PRODUCT = YES;
			};
			name = Release;
		};
		1841E3F72A162BAB00B20685 /* Debug */ = {
			isa = XCBuildConfiguration;
			buildSettings = {
				ASSETCATALOG_COMPILER_APPICON_NAME = AppIcon;
				ASSETCATALOG_COMPILER_GLOBAL_ACCENT_COLOR_NAME = AccentColor;
				CODE_SIGN_STYLE = Automatic;
				CURRENT_PROJECT_VERSION = 1;
				DEVELOPMENT_TEAM = 3QTJ8C3UN8;
				GENERATE_INFOPLIST_FILE = YES;
				INFOPLIST_FILE = ExTest/Info.plist;
				INFOPLIST_KEY_UIApplicationSupportsIndirectInputEvents = YES;
				INFOPLIST_KEY_UILaunchStoryboardName = LaunchScreen;
				INFOPLIST_KEY_UIMainStoryboardFile = Main;
				INFOPLIST_KEY_UISupportedInterfaceOrientations_iPad = "UIInterfaceOrientationPortrait UIInterfaceOrientationPortraitUpsideDown UIInterfaceOrientationLandscapeLeft UIInterfaceOrientationLandscapeRight";
				INFOPLIST_KEY_UISupportedInterfaceOrientations_iPhone = "UIInterfaceOrientationPortrait UIInterfaceOrientationLandscapeLeft UIInterfaceOrientationLandscapeRight";
				LD_RUNPATH_SEARCH_PATHS = (
					"$(inherited)",
					"@executable_path/Frameworks",
				);
				MARKETING_VERSION = 1.0;
				PRODUCT_BUNDLE_IDENTIFIER = kr.dy.ExTest;
				PRODUCT_NAME = "$(TARGET_NAME)";
				SWIFT_EMIT_LOC_STRINGS = YES;
				SWIFT_VERSION = 5.0;
				TARGETED_DEVICE_FAMILY = "1,2";
			};
			name = Debug;
		};
		1841E3F82A162BAB00B20685 /* Release */ = {
			isa = XCBuildConfiguration;
			buildSettings = {
				ASSETCATALOG_COMPILER_APPICON_NAME = AppIcon;
				ASSETCATALOG_COMPILER_GLOBAL_ACCENT_COLOR_NAME = AccentColor;
				CODE_SIGN_STYLE = Automatic;
				CURRENT_PROJECT_VERSION = 1;
				DEVELOPMENT_TEAM = 3QTJ8C3UN8;
				GENERATE_INFOPLIST_FILE = YES;
				INFOPLIST_FILE = ExTest/Info.plist;
				INFOPLIST_KEY_UIApplicationSupportsIndirectInputEvents = YES;
				INFOPLIST_KEY_UILaunchStoryboardName = LaunchScreen;
				INFOPLIST_KEY_UIMainStoryboardFile = Main;
				INFOPLIST_KEY_UISupportedInterfaceOrientations_iPad = "UIInterfaceOrientationPortrait UIInterfaceOrientationPortraitUpsideDown UIInterfaceOrientationLandscapeLeft UIInterfaceOrientationLandscapeRight";
				INFOPLIST_KEY_UISupportedInterfaceOrientations_iPhone = "UIInterfaceOrientationPortrait UIInterfaceOrientationLandscapeLeft UIInterfaceOrientationLandscapeRight";
				LD_RUNPATH_SEARCH_PATHS = (
					"$(inherited)",
					"@executable_path/Frameworks",
				);
				MARKETING_VERSION = 1.0;
				PRODUCT_BUNDLE_IDENTIFIER = kr.dy.ExTest;
				PRODUCT_NAME = "$(TARGET_NAME)";
				SWIFT_EMIT_LOC_STRINGS = YES;
				SWIFT_VERSION = 5.0;
				TARGETED_DEVICE_FAMILY = "1,2";
			};
			name = Release;
		};
		1841E3FA2A162BAB00B20685 /* Debug */ = {
			isa = XCBuildConfiguration;
			buildSettings = {
				ALWAYS_EMBED_SWIFT_STANDARD_LIBRARIES = YES;
				BUNDLE_LOADER = "$(TEST_HOST)";
				CODE_SIGN_STYLE = Automatic;
				CURRENT_PROJECT_VERSION = 1;
				DEVELOPMENT_TEAM = 3QTJ8C3UN8;
				GENERATE_INFOPLIST_FILE = YES;
				IPHONEOS_DEPLOYMENT_TARGET = 16.2;
				MARKETING_VERSION = 1.0;
				PRODUCT_BUNDLE_IDENTIFIER = kr.dy.ExTestTests;
				PRODUCT_NAME = "$(TARGET_NAME)";
				SWIFT_EMIT_LOC_STRINGS = NO;
				SWIFT_VERSION = 5.0;
				TARGETED_DEVICE_FAMILY = "1,2";
				TEST_HOST = "$(BUILT_PRODUCTS_DIR)/ExTest.app/$(BUNDLE_EXECUTABLE_FOLDER_PATH)/ExTest";
			};
			name = Debug;
		};
		1841E3FB2A162BAB00B20685 /* Release */ = {
			isa = XCBuildConfiguration;
			buildSettings = {
				ALWAYS_EMBED_SWIFT_STANDARD_LIBRARIES = YES;
				BUNDLE_LOADER = "$(TEST_HOST)";
				CODE_SIGN_STYLE = Automatic;
				CURRENT_PROJECT_VERSION = 1;
				DEVELOPMENT_TEAM = 3QTJ8C3UN8;
				GENERATE_INFOPLIST_FILE = YES;
				IPHONEOS_DEPLOYMENT_TARGET = 16.2;
				MARKETING_VERSION = 1.0;
				PRODUCT_BUNDLE_IDENTIFIER = kr.dy.ExTestTests;
				PRODUCT_NAME = "$(TARGET_NAME)";
				SWIFT_EMIT_LOC_STRINGS = NO;
				SWIFT_VERSION = 5.0;
				TARGETED_DEVICE_FAMILY = "1,2";
				TEST_HOST = "$(BUILT_PRODUCTS_DIR)/ExTest.app/$(BUNDLE_EXECUTABLE_FOLDER_PATH)/ExTest";
			};
			name = Release;
		};
		1841E3FD2A162BAB00B20685 /* Debug */ = {
			isa = XCBuildConfiguration;
			buildSettings = {
				ALWAYS_EMBED_SWIFT_STANDARD_LIBRARIES = YES;
				CODE_SIGN_STYLE = Automatic;
				CURRENT_PROJECT_VERSION = 1;
				DEVELOPMENT_TEAM = 3QTJ8C3UN8;
				GENERATE_INFOPLIST_FILE = YES;
				MARKETING_VERSION = 1.0;
				PRODUCT_BUNDLE_IDENTIFIER = kr.dy.ExTestUITests;
				PRODUCT_NAME = "$(TARGET_NAME)";
				SWIFT_EMIT_LOC_STRINGS = NO;
				SWIFT_VERSION = 5.0;
				TARGETED_DEVICE_FAMILY = "1,2";
				TEST_TARGET_NAME = ExTest;
			};
			name = Debug;
		};
		1841E3FE2A162BAB00B20685 /* Release */ = {
			isa = XCBuildConfiguration;
			buildSettings = {
				ALWAYS_EMBED_SWIFT_STANDARD_LIBRARIES = YES;
				CODE_SIGN_STYLE = Automatic;
				CURRENT_PROJECT_VERSION = 1;
				DEVELOPMENT_TEAM = 3QTJ8C3UN8;
				GENERATE_INFOPLIST_FILE = YES;
				MARKETING_VERSION = 1.0;
				PRODUCT_BUNDLE_IDENTIFIER = kr.dy.ExTestUITests;
				PRODUCT_NAME = "$(TARGET_NAME)";
				SWIFT_EMIT_LOC_STRINGS = NO;
				SWIFT_VERSION = 5.0;
				TARGETED_DEVICE_FAMILY = "1,2";
				TEST_TARGET_NAME = ExTest;
			};
			name = Release;
		};
/* End XCBuildConfiguration section */

/* Begin XCConfigurationList section */
		1841E3C72A162BAB00B20685 /* Build configuration list for PBXProject "ExTest" */ = {
			isa = XCConfigurationList;
			buildConfigurations = (
				1841E3F42A162BAB00B20685 /* Debug */,
				1841E3F52A162BAB00B20685 /* Release */,
			);
			defaultConfigurationIsVisible = 0;
			defaultConfigurationName = Release;
		};
		1841E3F62A162BAB00B20685 /* Build configuration list for PBXNativeTarget "ExTest" */ = {
			isa = XCConfigurationList;
			buildConfigurations = (
				1841E3F72A162BAB00B20685 /* Debug */,
				1841E3F82A162BAB00B20685 /* Release */,
			);
			defaultConfigurationIsVisible = 0;
			defaultConfigurationName = Release;
		};
		1841E3F92A162BAB00B20685 /* Build configuration list for PBXNativeTarget "ExTestTests" */ = {
			isa = XCConfigurationList;
			buildConfigurations = (
				1841E3FA2A162BAB00B20685 /* Debug */,
				1841E3FB2A162BAB00B20685 /* Release */,
			);
			defaultConfigurationIsVisible = 0;
			defaultConfigurationName = Release;
		};
		1841E3FC2A162BAB00B20685 /* Build configuration list for PBXNativeTarget "ExTestUITests" */ = {
			isa = XCConfigurationList;
			buildConfigurations = (
				1841E3FD2A162BAB00B20685 /* Debug */,
				1841E3FE2A162BAB00B20685 /* Release */,
			);
			defaultConfigurationIsVisible = 0;
			defaultConfigurationName = Release;
		};
/* End XCConfigurationList section */
	};
	rootObject = 1841E3C42A162BAB00B20685 /* Project object */;
}
